{
  "requires": true,
  "lockfileVersion": 1,
  "dependencies": {
    "rickroll.js": {
      "version": "1.0.0-s",
      "resolved": "https://registry.npmjs.org/rickroll.js/-/rickroll.js-1.0.0-s.tgz",
      "integrity": "sha512-/Aas03ouMPlIhyl6KTIGoYiuH8H5acFcBe59fNv0S7dLgZuQ20zonnZ+HpiLDMYjqPLqBxhnezeH6035YiNfSw=="
    }
  }
}
